
Microsoft Visual Studio Solution File, Format Version 12.00
# Visual Studio 15
VisualStudioVersion = 15.0.28307.779
MinimumVisualStudioVersion = 10.0.40219.1
Project("{2150E333-8FDC-42A3-9474-1A3956D46DE8}") = "Server", "Server", "{1A5C6BAC-3D0B-41CE-A75D-54A6AB2AA736}"
EndProject
Project("{2150E333-8FDC-42A3-9474-1A3956D46DE8}") = "Client", "Client", "{28D84970-F02E-481D-8488-243CC481ECE3}"
EndProject
Project("{FAE04EC0-301F-11D3-BF4B-00C04F79EFBC}") = "Chat.BLL", "Chat.BLL\Chat.BLL.csproj", "{0F592BE5-D23D-4774-9FC9-667033CEE5B5}"
EndProject
Project("{FAE04EC0-301F-11D3-BF4B-00C04F79EFBC}") = "Chat.Domain", "Chat.Domain\Chat.Domain.csproj", "{59541D6B-8553-4416-A27D-E83C36D452E0}"
EndProject
Project("{FAE04EC0-301F-11D3-BF4B-00C04F79EFBC}") = "Chat.DTO", "Chat.DTO\Chat.DTO.csproj", "{8117A911-3733-4D14-BF17-3AF2D8A2FAC3}"
EndProject
Project("{FAE04EC0-301F-11D3-BF4B-00C04F79EFBC}") = "Chat.UI", "Chat.UI\Chat.UI.csproj", "{D88649B7-B5AE-4B69-97B4-3A10E1B766B9}"
EndProject
Project("{FAE04EC0-301F-11D3-BF4B-00C04F79EFBC}") = "Chat.FrontServiceClient", "Chat.FrontServiceClient\Chat.FrontServiceClient.csproj", "{A94020BD-5FFE-42AC-B16E-23E968370A2D}"
EndProject
Project("{FAE04EC0-301F-11D3-BF4B-00C04F79EFBC}") = "Chat.Tests", "Chat.Tests\Chat.Tests.csproj", "{29A155EF-06E2-4481-BD3F-07A10C317E03}"
EndProject
Project("{FAE04EC0-301F-11D3-BF4B-00C04F79EFBC}") = "Chat.DAL", "Chat.DAL\Chat.DAL.csproj", "{AE54F824-A1E9-497D-8147-B25DEF304604}"
EndProject
Project("{FAE04EC0-301F-11D3-BF4B-00C04F79EFBC}") = "Chat.Service.Front", "Chat.Service.Front\Chat.Service.Front.csproj", "{B7A75537-D8B1-4303-8DDE-493802DED299}"
EndProject
Project("{FAE04EC0-301F-11D3-BF4B-00C04F79EFBC}") = "Chat.Service.Front.Console", "Chat.Service.Front.Console\Chat.Service.Front.Console.csproj", "{C894D6E8-7F54-429F-BAD3-4B37F1A77DBA}"
EndProject
Project("{2150E333-8FDC-42A3-9474-1A3956D46DE8}") = "Common", "Common", "{5CF9CD90-C10D-4CBF-B644-F6A92534F824}"
EndProject
Project("{FAE04EC0-301F-11D3-BF4B-00C04F79EFBC}") = "Chat.RestClient", "Chat.RestClient\Chat.RestClient.csproj", "{D5D9C9F4-9B3D-484F-8328-372C4C9E1F43}"
EndProject
Project("{FAE04EC0-301F-11D3-BF4B-00C04F79EFBC}") = "Chat.Client.Tests", "Chat.Client.Tests\Chat.Client.Tests.csproj", "{BFBCC794-89EA-42B3-AE57-BE81D68954DC}"
EndProject
Global
	GlobalSection(SolutionConfigurationPlatforms) = preSolution
		Debug|Any CPU = Debug|Any CPU
		Release|Any CPU = Release|Any CPU
	EndGlobalSection
	GlobalSection(ProjectConfigurationPlatforms) = postSolution
		{0F592BE5-D23D-4774-9FC9-667033CEE5B5}.Debug|Any CPU.ActiveCfg = Debug|Any CPU
		{0F592BE5-D23D-4774-9FC9-667033CEE5B5}.Debug|Any CPU.Build.0 = Debug|Any CPU
		{0F592BE5-D23D-4774-9FC9-667033CEE5B5}.Release|Any CPU.ActiveCfg = Release|Any CPU
		{0F592BE5-D23D-4774-9FC9-667033CEE5B5}.Release|Any CPU.Build.0 = Release|Any CPU
		{59541D6B-8553-4416-A27D-E83C36D452E0}.Debug|Any CPU.ActiveCfg = Debug|Any CPU
		{59541D6B-8553-4416-A27D-E83C36D452E0}.Debug|Any CPU.Build.0 = Debug|Any CPU
		{59541D6B-8553-4416-A27D-E83C36D452E0}.Release|Any CPU.ActiveCfg = Release|Any CPU
		{59541D6B-8553-4416-A27D-E83C36D452E0}.Release|Any CPU.Build.0 = Release|Any CPU
		{8117A911-3733-4D14-BF17-3AF2D8A2FAC3}.Debug|Any CPU.ActiveCfg = Debug|Any CPU
		{8117A911-3733-4D14-BF17-3AF2D8A2FAC3}.Debug|Any CPU.Build.0 = Debug|Any CPU
		{8117A911-3733-4D14-BF17-3AF2D8A2FAC3}.Release|Any CPU.ActiveCfg = Release|Any CPU
		{8117A911-3733-4D14-BF17-3AF2D8A2FAC3}.Release|Any CPU.Build.0 = Release|Any CPU
		{D88649B7-B5AE-4B69-97B4-3A10E1B766B9}.Debug|Any CPU.ActiveCfg = Debug|Any CPU
		{D88649B7-B5AE-4B69-97B4-3A10E1B766B9}.Debug|Any CPU.Build.0 = Debug|Any CPU
		{D88649B7-B5AE-4B69-97B4-3A10E1B766B9}.Release|Any CPU.ActiveCfg = Release|Any CPU
		{D88649B7-B5AE-4B69-97B4-3A10E1B766B9}.Release|Any CPU.Build.0 = Release|Any CPU
		{A94020BD-5FFE-42AC-B16E-23E968370A2D}.Debug|Any CPU.ActiveCfg = Debug|Any CPU
		{A94020BD-5FFE-42AC-B16E-23E968370A2D}.Debug|Any CPU.Build.0 = Debug|Any CPU
		{A94020BD-5FFE-42AC-B16E-23E968370A2D}.Release|Any CPU.ActiveCfg = Release|Any CPU
		{A94020BD-5FFE-42AC-B16E-23E968370A2D}.Release|Any CPU.Build.0 = Release|Any CPU
		{29A155EF-06E2-4481-BD3F-07A10C317E03}.Debug|Any CPU.ActiveCfg = Debug|Any CPU
		{29A155EF-06E2-4481-BD3F-07A10C317E03}.Debug|Any CPU.Build.0 = Debug|Any CPU
		{29A155EF-06E2-4481-BD3F-07A10C317E03}.Release|Any CPU.ActiveCfg = Release|Any CPU
		{29A155EF-06E2-4481-BD3F-07A10C317E03}.Release|Any CPU.Build.0 = Release|Any CPU
		{AE54F824-A1E9-497D-8147-B25DEF304604}.Debug|Any CPU.ActiveCfg = Debug|Any CPU
		{AE54F824-A1E9-497D-8147-B25DEF304604}.Debug|Any CPU.Build.0 = Debug|Any CPU
		{AE54F824-A1E9-497D-8147-B25DEF304604}.Release|Any CPU.ActiveCfg = Release|Any CPU
		{AE54F824-A1E9-497D-8147-B25DEF304604}.Release|Any CPU.Build.0 = Release|Any CPU
		{B7A75537-D8B1-4303-8DDE-493802DED299}.Debug|Any CPU.ActiveCfg = Debug|Any CPU
		{B7A75537-D8B1-4303-8DDE-493802DED299}.Debug|Any CPU.Build.0 = Debug|Any CPU
		{B7A75537-D8B1-4303-8DDE-493802DED299}.Release|Any CPU.ActiveCfg = Release|Any CPU
		{B7A75537-D8B1-4303-8DDE-493802DED299}.Release|Any CPU.Build.0 = Release|Any CPU
		{C894D6E8-7F54-429F-BAD3-4B37F1A77DBA}.Debug|Any CPU.ActiveCfg = Debug|Any CPU
		{C894D6E8-7F54-429F-BAD3-4B37F1A77DBA}.Debug|Any CPU.Build.0 = Debug|Any CPU
		{C894D6E8-7F54-429F-BAD3-4B37F1A77DBA}.Release|Any CPU.ActiveCfg = Release|Any CPU
		{C894D6E8-7F54-429F-BAD3-4B37F1A77DBA}.Release|Any CPU.Build.0 = Release|Any CPU
		{D5D9C9F4-9B3D-484F-8328-372C4C9E1F43}.Debug|Any CPU.ActiveCfg = Debug|Any CPU
		{D5D9C9F4-9B3D-484F-8328-372C4C9E1F43}.Debug|Any CPU.Build.0 = Debug|Any CPU
		{D5D9C9F4-9B3D-484F-8328-372C4C9E1F43}.Release|Any CPU.ActiveCfg = Release|Any CPU
		{D5D9C9F4-9B3D-484F-8328-372C4C9E1F43}.Release|Any CPU.Build.0 = Release|Any CPU
		{BFBCC794-89EA-42B3-AE57-BE81D68954DC}.Debug|Any CPU.ActiveCfg = Debug|Any CPU
		{BFBCC794-89EA-42B3-AE57-BE81D68954DC}.Debug|Any CPU.Build.0 = Debug|Any CPU
		{BFBCC794-89EA-42B3-AE57-BE81D68954DC}.Release|Any CPU.ActiveCfg = Release|Any CPU
		{BFBCC794-89EA-42B3-AE57-BE81D68954DC}.Release|Any CPU.Build.0 = Release|Any CPU
	EndGlobalSection
	GlobalSection(SolutionProperties) = preSolution
		HideSolutionNode = FALSE
	EndGlobalSection
	GlobalSection(NestedProjects) = preSolution
		{0F592BE5-D23D-4774-9FC9-667033CEE5B5} = {1A5C6BAC-3D0B-41CE-A75D-54A6AB2AA736}
		{59541D6B-8553-4416-A27D-E83C36D452E0} = {1A5C6BAC-3D0B-41CE-A75D-54A6AB2AA736}
		{8117A911-3733-4D14-BF17-3AF2D8A2FAC3} = {5CF9CD90-C10D-4CBF-B644-F6A92534F824}
		{D88649B7-B5AE-4B69-97B4-3A10E1B766B9} = {28D84970-F02E-481D-8488-243CC481ECE3}
		{A94020BD-5FFE-42AC-B16E-23E968370A2D} = {28D84970-F02E-481D-8488-243CC481ECE3}
		{29A155EF-06E2-4481-BD3F-07A10C317E03} = {1A5C6BAC-3D0B-41CE-A75D-54A6AB2AA736}
		{AE54F824-A1E9-497D-8147-B25DEF304604} = {1A5C6BAC-3D0B-41CE-A75D-54A6AB2AA736}
		{B7A75537-D8B1-4303-8DDE-493802DED299} = {1A5C6BAC-3D0B-41CE-A75D-54A6AB2AA736}
		{C894D6E8-7F54-429F-BAD3-4B37F1A77DBA} = {1A5C6BAC-3D0B-41CE-A75D-54A6AB2AA736}
		{D5D9C9F4-9B3D-484F-8328-372C4C9E1F43} = {28D84970-F02E-481D-8488-243CC481ECE3}
		{BFBCC794-89EA-42B3-AE57-BE81D68954DC} = {28D84970-F02E-481D-8488-243CC481ECE3}
	EndGlobalSection
	GlobalSection(ExtensibilityGlobals) = postSolution
		SolutionGuid = {4E6488AD-3510-4AE8-9095-B2AD249E7635}
	EndGlobalSection
EndGlobal
